
Microsoft Visual Studio Solution File, Format Version 12.00
# Visual Studio 2012
Project("{FAE04EC0-301F-11D3-BF4B-00C04F79EFBC}") = "common.xamarin.Core", "common.xamarin.Core\common.xamarin.Core.csproj", "{B4F24686-9056-416D-9388-5FD7D638E556}"
EndProject
Global
	GlobalSection(SolutionConfigurationPlatforms) = preSolution
		Debug|Any CPU = Debug|Any CPU
		Release|Any CPU = Release|Any CPU
		Debug|iPhoneSimulator = Debug|iPhoneSimulator
		Release|iPhone = Release|iPhone
		Release|iPhoneSimulator = Release|iPhoneSimulator
		Debug|iPhone = Debug|iPhone
	EndGlobalSection
	GlobalSection(ProjectConfigurationPlatforms) = postSolution
		{B4F24686-9056-416D-9388-5FD7D638E556}.Debug|Any CPU.ActiveCfg = Debug|Any CPU
		{B4F24686-9056-416D-9388-5FD7D638E556}.Debug|Any CPU.Build.0 = Debug|Any CPU
		{B4F24686-9056-416D-9388-5FD7D638E556}.Release|Any CPU.ActiveCfg = Release|Any CPU
		{B4F24686-9056-416D-9388-5FD7D638E556}.Release|Any CPU.Build.0 = Release|Any CPU
		{B4F24686-9056-416D-9388-5FD7D638E556}.Debug|iPhoneSimulator.ActiveCfg = Debug|Any CPU
		{B4F24686-9056-416D-9388-5FD7D638E556}.Debug|iPhoneSimulator.Build.0 = Debug|Any CPU
		{B4F24686-9056-416D-9388-5FD7D638E556}.Release|iPhone.ActiveCfg = Release|Any CPU
		{B4F24686-9056-416D-9388-5FD7D638E556}.Release|iPhone.Build.0 = Release|Any CPU
		{B4F24686-9056-416D-9388-5FD7D638E556}.Release|iPhoneSimulator.ActiveCfg = Release|Any CPU
		{B4F24686-9056-416D-9388-5FD7D638E556}.Release|iPhoneSimulator.Build.0 = Release|Any CPU
		{B4F24686-9056-416D-9388-5FD7D638E556}.Debug|iPhone.ActiveCfg = Debug|Any CPU
		{B4F24686-9056-416D-9388-5FD7D638E556}.Debug|iPhone.Build.0 = Debug|Any CPU
	EndGlobalSection
EndGlobal
